
Microsoft Visual Studio Solution File, Format Version 12.00
# Visual Studio Version 17
VisualStudioVersion = 17.5.002.0
MinimumVisualStudioVersion = 10.0.40219.1
Project("{9A19103F-16F7-4668-BE54-9A1E7A4F7556}") = "AlertHandler", "AlertHandler.csproj", "{D34DFACA-D2D8-4268-BABC-97A9987D6515}"
EndProject
Global
	GlobalSection(SolutionConfigurationPlatforms) = preSolution
		Debug|Any CPU = Debug|Any CPU
		Release|Any CPU = Release|Any CPU
	EndGlobalSection
	GlobalSection(ProjectConfigurationPlatforms) = postSolution
		{D34DFACA-D2D8-4268-BABC-97A9987D6515}.Debug|Any CPU.ActiveCfg = Debug|Any CPU
		{D34DFACA-D2D8-4268-BABC-97A9987D6515}.Debug|Any CPU.Build.0 = Debug|Any CPU
		{D34DFACA-D2D8-4268-BABC-97A9987D6515}.Release|Any CPU.ActiveCfg = Release|Any CPU
		{D34DFACA-D2D8-4268-BABC-97A9987D6515}.Release|Any CPU.Build.0 = Release|Any CPU
	EndGlobalSection
	GlobalSection(SolutionProperties) = preSolution
		HideSolutionNode = FALSE
	EndGlobalSection
	GlobalSection(ExtensibilityGlobals) = postSolution
		SolutionGuid = {7DC2D36B-11CF-4D52-B2BB-FB214A4433F9}
	EndGlobalSection
EndGlobal
